{
  "name": "myApp2",
  "version": "1.0.0",
  "lockfileVersion": 1,
  "requires": true,
  "dependencies": {
    "jasmine-core": {
      "version": "2.9.1",
      "resolved": "https://registry.npmjs.org/jasmine-core/-/jasmine-core-2.9.1.tgz",
      "integrity": "sha1-trvB2OZSUNVvWIhGFwXr7uuI8i8=",
      "dev": true
    }
  }
}
